
Microsoft Visual Studio Solution File, Format Version 12.00
# Visual Studio 15
VisualStudioVersion = 15.0.28307.757
MinimumVisualStudioVersion = 10.0.40219.1
Project("{FAE04EC0-301F-11D3-BF4B-00C04F79EFBC}") = "Test", "Test\Test.csproj", "{B8C455CA-3922-4893-BAB0-5433FD49697F}"
EndProject
Global
	GlobalSection(SolutionConfigurationPlatforms) = preSolution
		Debug|Any CPU = Debug|Any CPU
		Release|Any CPU = Release|Any CPU
	EndGlobalSection
	GlobalSection(ProjectConfigurationPlatforms) = postSolution
		{B8C455CA-3922-4893-BAB0-5433FD49697F}.Debug|Any CPU.ActiveCfg = Debug|Any CPU
		{B8C455CA-3922-4893-BAB0-5433FD49697F}.Debug|Any CPU.Build.0 = Debug|Any CPU
		{B8C455CA-3922-4893-BAB0-5433FD49697F}.Release|Any CPU.ActiveCfg = Release|Any CPU
		{B8C455CA-3922-4893-BAB0-5433FD49697F}.Release|Any CPU.Build.0 = Release|Any CPU
	EndGlobalSection
	GlobalSection(SolutionProperties) = preSolution
		HideSolutionNode = FALSE
	EndGlobalSection
	GlobalSection(ExtensibilityGlobals) = postSolution
		SolutionGuid = {5AF1E51E-E651-4BD1-9D31-026AB72851AB}
	EndGlobalSection
EndGlobal
